// !$*UTF8*$!
{
	archiveVersion = 1;
	classes = {
	};
	objectVersion = 46;
	objects = {

/* Begin PBXBuildFile section */
		4CE5F3641CD6F133005FF399 /* CalculatorBrain.swift in Sources */ = {isa = PBXBuildFile; fileRef = 4CE5F3631CD6F133005FF399 /* CalculatorBrain.swift */; };
		4CF0BA621CC74D5E006F6E96 /* AppDelegate.swift in Sources */ = {isa = PBXBuildFile; fileRef = 4CF0BA611CC74D5E006F6E96 /* AppDelegate.swift */; };
		4CF0BA641CC74D5E006F6E96 /* ViewController.swift in Sources */ = {isa = PBXBuildFile; fileRef = 4CF0BA631CC74D5E006F6E96 /* ViewController.swift */; };
		4CF0BA671CC74D5E006F6E96 /* Main.storyboard in Resources */ = {isa = PBXBuildFile; fileRef = 4CF0BA651CC74D5E006F6E96 /* Main.storyboard */; };
		4CF0BA691CC74D5E006F6E96 /* Assets.xcassets in Resources */ = {isa = PBXBuildFile; fileRef = 4CF0BA681CC74D5E006F6E96 /* Assets.xcassets */; };
		4CF0BA6C1CC74D5E006F6E96 /* LaunchScreen.storyboard in Resources */ = {isa = PBXBuildFile; fileRef = 4CF0BA6A1CC74D5E006F6E96 /* LaunchScreen.storyboard */; };
/* End PBXBuildFile section */

/* Begin PBXFileReference section */
		4CE5F3631CD6F133005FF399 /* CalculatorBrain.swift */ = {isa = PBXFileReference; fileEncoding = 4; lastKnownFileType = sourcecode.swift; path = CalculatorBrain.swift; sourceTree = "<group>"; };
		4CF0BA5E1CC74D5E006F6E96 /* Calculator.app */ = {isa = PBXFileReference; explicitFileType = wrapper.application; includeInIndex = 0; path = Calculator.app; sourceTree = BUILT_PRODUCTS_DIR; };
		4CF0BA611CC74D5E006F6E96 /* AppDelegate.swift */ = {isa = PBXFileReference; lastKnownFileType = sourcecode.swift; path = AppDelegate.swift; sourceTree = "<group>"; };
		4CF0BA631CC74D5E006F6E96 /* ViewController.swift */ = {isa = PBXFileReference; lastKnownFileType = sourcecode.swift; path = ViewController.swift; sourceTree = "<group>"; };
		4CF0BA661CC74D5E006F6E96 /* Base */ = {isa = PBXFileReference; lastKnownFileType = file.storyboard; name = Base; path = Base.lproj/Main.storyboard; sourceTree = "<group>"; };
		4CF0BA681CC74D5E006F6E96 /* Assets.xcassets */ = {isa = PBXFileReference; lastKnownFileType = folder.assetcatalog; path = Assets.xcassets; sourceTree = "<group>"; };
		4CF0BA6B1CC74D5E006F6E96 /* Base */ = {isa = PBXFileReference; lastKnownFileType = file.storyboard; name = Base; path = Base.lproj/LaunchScreen.storyboard; sourceTree = "<group>"; };
		4CF0BA6D1CC74D5E006F6E96 /* Info.plist */ = {isa = PBXFileReference; lastKnownFileType = text.plist.xml; path = Info.plist; sourceTree = "<group>"; };
/* End PBXFileReference section */

/* Begin PBXFrameworksBuildPhase section */
		4CF0BA5B1CC74D5E006F6E96 /* Frameworks */ = {
			isa = PBXFrameworksBuildPhase;
			buildActionMask = 2147483647;
			files = (
			);
			runOnlyForDeploymentPostprocessing = 0;
		};
/* End PBXFrameworksBuildPhase section */

/* Begin PBXGroup section */
		4CF0BA551CC74D5E006F6E96 = {
			isa = PBXGroup;
			children = (
				4CF0BA601CC74D5E006F6E96 /* Calculator */,
				4CF0BA5F1CC74D5E006F6E96 /* Products */,
			);
			sourceTree = "<group>";
		};
		4CF0BA5F1CC74D5E006F6E96 /* Products */ = {
			isa = PBXGroup;
			children = (
				4CF0BA5E1CC74D5E006F6E96 /* Calculator.app */,
			);
			name = Products;
			sourceTree = "<group>";
		};
		4CF0BA601CC74D5E006F6E96 /* Calculator */ = {
			isa = PBXGroup;
			children = (
				4CF0BA731CC74E5E006F6E96 /* Supporting Files */,
				4CF0BA631CC74D5E006F6E96 /* ViewController.swift */,
				4CF0BA651CC74D5E006F6E96 /* Main.storyboard */,
				4CE5F3631CD6F133005FF399 /* CalculatorBrain.swift */,
			);
			path = Calculator;
			sourceTree = "<group>";
		};
		4CF0BA731CC74E5E006F6E96 /* Supporting Files */ = {
			isa = PBXGroup;
			children = (
				4CF0BA611CC74D5E006F6E96 /* AppDelegate.swift */,
				4CF0BA681CC74D5E006F6E96 /* Assets.xcassets */,
				4CF0BA6A1CC74D5E006F6E96 /* LaunchScreen.storyboard */,
				4CF0BA6D1CC74D5E006F6E96 /* Info.plist */,
			);
			name = "Supporting Files";
			sourceTree = "<group>";
		};
/* End PBXGroup section */

/* Begin PBXNativeTarget section */
		4CF0BA5D1CC74D5E006F6E96 /* Calculator */ = {
			isa = PBXNativeTarget;
			buildConfigurationList = 4CF0BA701CC74D5E006F6E96 /* Build configuration list for PBXNativeTarget "Calculator" */;
			buildPhases = (
				4CF0BA5A1CC74D5E006F6E96 /* Sources */,
				4CF0BA5B1CC74D5E006F6E96 /* Frameworks */,
				4CF0BA5C1CC74D5E006F6E96 /* Resources */,
			);
			buildRules = (
			);
			dependencies = (
			);
			name = Calculator;
			productName = Calculator;
			productReference = 4CF0BA5E1CC74D5E006F6E96 /* Calculator.app */;
			productType = "com.apple.product-type.application";
		};
/* End PBXNativeTarget section */

/* Begin PBXProject section */
		4CF0BA561CC74D5E006F6E96 /* Project object */ = {
			isa = PBXProject;
			attributes = {
				LastSwiftUpdateCheck = 0730;
				LastUpgradeCheck = 0730;
				ORGANIZATIONNAME = "Navroop Bath";
				TargetAttributes = {
					4CF0BA5D1CC74D5E006F6E96 = {
						CreatedOnToolsVersion = 7.3;
						DevelopmentTeam = P6BP8P6YAD;
					};
				};
			};
			buildConfigurationList = 4CF0BA591CC74D5E006F6E96 /* Build configuration list for PBXProject "Calculator" */;
			compatibilityVersion = "Xcode 3.2";
			developmentRegion = English;
			hasScannedForEncodings = 0;
			knownRegions = (
				en,
				Base,
			);
			mainGroup = 4CF0BA551CC74D5E006F6E96;
			productRefGroup = 4CF0BA5F1CC74D5E006F6E96 /* Products */;
			projectDirPath = "";
			projectRoot = "";
			targets = (
				4CF0BA5D1CC74D5E006F6E96 /* Calculator */,
			);
		};
/* End PBXProject section */

/* Begin PBXResourcesBuildPhase section */
		4CF0BA5C1CC74D5E006F6E96 /* Resources */ = {
			isa = PBXResourcesBuildPhase;
			buildActionMask = 2147483647;
			files = (
				4CF0BA6C1CC74D5E006F6E96 /* LaunchScreen.storyboard in Resources */,
				4CF0BA691CC74D5E006F6E96 /* Assets.xcassets in Resources */,
				4CF0BA671CC74D5E006F6E96 /* Main.storyboard in Resources */,
			);
			runOnlyForDeploymentPostprocessing = 0;
		};
/* End PBXResourcesBuildPhase section */

/* Begin PBXSourcesBuildPhase section */
		4CF0BA5A1CC74D5E006F6E96 /* Sources */ = {
			isa = PBXSourcesBuildPhase;
			buildActionMask = 2147483647;
			files = (
				4CE5F3641CD6F133005FF399 /* CalculatorBrain.swift in Sources */,
				4CF0BA641CC74D5E006F6E96 /* ViewController.swift in Sources */,
				4CF0BA621CC74D5E006F6E96 /* AppDelegate.swift in Sources */,
			);
			runOnlyForDeploymentPostprocessing = 0;
		};
/* End PBXSourcesBuildPhase section */

/* Begin PBXVariantGroup section */
		4CF0BA651CC74D5E006F6E96 /* Main.storyboard */ = {
			isa = PBXVariantGroup;
			children = (
				4CF0BA661CC74D5E006F6E96 /* Base */,
			);
			name = Main.storyboard;
			sourceTree = "<group>";
		};
		4CF0BA6A1CC74D5E006F6E96 /* LaunchScreen.storyboard */ = {
			isa = PBXVariantGroup;
			children = (
				4CF0BA6B1CC74D5E006F6E96 /* Base */,
			);
			name = LaunchScreen.storyboard;
			sourceTree = "<group>";
		};
/* End PBXVariantGroup section */

/* Begin XCBuildConfiguration section */
		4CF0BA6E1CC74D5E006F6E96 /* Debug */ = {
			isa = XCBuildConfiguration;
			buildSettings = {
				ALWAYS_SEARCH_USER_PATHS = NO;
				CLANG_ANALYZER_NONNULL = YES;
				CLANG_CXX_LANGUAGE_STANDARD = "gnu++0x";
				CLANG_CXX_LIBRARY = "libc++";
				CLANG_ENABLE_MODULES = YES;
				CLANG_ENABLE_OBJC_ARC = YES;
				CLANG_WARN_BOOL_CONVERSION = YES;
				CLANG_WARN_CONSTANT_CONVERSION = YES;
				CLANG_WARN_DIRECT_OBJC_ISA_USAGE = YES_ERROR;
				CLANG_WARN_EMPTY_BODY = YES;
				CLANG_WARN_ENUM_CONVERSION = YES;
				CLANG_WARN_INT_CONVERSION = YES;
				CLANG_WARN_OBJC_ROOT_CLASS = YES_ERROR;
				CLANG_WARN_UNREACHABLE_CODE = YES;
				CLANG_WARN__DUPLICATE_METHOD_MATCH = YES;
				"CODE_SIGN_IDENTITY[sdk=iphoneos*]" = "iPhone Developer";
				COPY_PHASE_STRIP = NO;
				DEBUG_INFORMATION_FORMAT = dwarf;
				ENABLE_STRICT_OBJC_MSGSEND = YES;
				ENABLE_TESTABILITY = YES;
				GCC_C_LANGUAGE_STANDARD = gnu99;
				GCC_DYNAMIC_NO_PIC = NO;
				GCC_NO_COMMON_BLOCKS = YES;
				GCC_OPTIMIZATION_LEVEL = 0;
				GCC_PREPROCESSOR_DEFINITIONS = (
					"DEBUG=1",
					"$(inherited)",
				);
				GCC_WARN_64_TO_32_BIT_CONVERSION = YES;
				GCC_WARN_ABOUT_RETURN_TYPE = YES_ERROR;
				GCC_WARN_UNDECLARED_SELECTOR = YES;
				GCC_WARN_UNINITIALIZED_AUTOS = YES_AGGRESSIVE;
				GCC_WARN_UNUSED_FUNCTION = YES;
				GCC_WARN_UNUSED_VARIABLE = YES;
				IPHONEOS_DEPLOYMENT_TARGET = 9.3;
				MTL_ENABLE_DEBUG_INFO = YES;
				ONLY_ACTIVE_ARCH = YES;
				SDKROOT = iphoneos;
				SWIFT_OPTIMIZATION_LEVEL = "-Onone";
			};
			name = Debug;
		};
		4CF0BA6F1CC74D5E006F6E96 /* Release */ = {
			isa = XCBuildConfiguration;
			buildSettings = {
				ALWAYS_SEARCH_USER_PATHS = NO;
				CLANG_ANALYZER_NONNULL = YES;
				CLANG_CXX_LANGUAGE_STANDARD = "gnu++0x";
				CLANG_CXX_LIBRARY = "libc++";
				CLANG_ENABLE_MODULES = YES;
				CLANG_ENABLE_OBJC_ARC = YES;
				CLANG_WARN_BOOL_CONVERSION = YES;
				CLANG_WARN_CONSTANT_CONVERSION = YES;
				CLANG_WARN_DIRECT_OBJC_ISA_USAGE = YES_ERROR;
				CLANG_WARN_EMPTY_BODY = YES;
				CLANG_WARN_ENUM_CONVERSION = YES;
				CLANG_WARN_INT_CONVERSION = YES;
				CLANG_WARN_OBJC_ROOT_CLASS = YES_ERROR;
				CLANG_WARN_UNREACHABLE_CODE = YES;
				CLANG_WARN__DUPLICATE_METHOD_MATCH = YES;
				"CODE_SIGN_IDENTITY[sdk=iphoneos*]" = "iPhone Developer";
				COPY_PHASE_STRIP = NO;
				DEBUG_INFORMATION_FORMAT = "dwarf-with-dsym";
				ENABLE_NS_ASSERTIONS = NO;
				ENABLE_STRICT_OBJC_MSGSEND = YES;
				GCC_C_LANGUAGE_STANDARD = gnu99;
				GCC_NO_COMMON_BLOCKS = YES;
				GCC_WARN_64_TO_32_BIT_CONVERSION = YES;
				GCC_WARN_ABOUT_RETURN_TYPE = YES_ERROR;
				GCC_WARN_UNDECLARED_SELECTOR = YES;
				GCC_WARN_UNINITIALIZED_AUTOS = YES_AGGRESSIVE;
				GCC_WARN_UNUSED_FUNCTION = YES;
				GCC_WARN_UNUSED_VARIABLE = YES;
				IPHONEOS_DEPLOYMENT_TARGET = 9.3;
				MTL_ENABLE_DEBUG_INFO = NO;
				SDKROOT = iphoneos;
				VALIDATE_PRODUCT = YES;
			};
			name = Release;
		};
		4CF0BA711CC74D5E006F6E96 /* Debug */ = {
			isa = XCBuildConfiguration;
			buildSettings = {
				ASSETCATALOG_COMPILER_APPICON_NAME = AppIcon;
				CODE_SIGN_IDENTITY = "iPhone Developer";
				INFOPLIST_FILE = Calculator/Info.plist;
				LD_RUNPATH_SEARCH_PATHS = "$(inherited) @executable_path/Frameworks";
				PRODUCT_BUNDLE_IDENTIFIER = com.navroopbath.Calculator;
				PRODUCT_NAME = "$(TARGET_NAME)";
			};
			name = Debug;
		};
		4CF0BA721CC74D5E006F6E96 /* Release */ = {
			isa = XCBuildConfiguration;
			buildSettings = {
				ASSETCATALOG_COMPILER_APPICON_NAME = AppIcon;
				CODE_SIGN_IDENTITY = "iPhone Developer";
				INFOPLIST_FILE = Calculator/Info.plist;
				LD_RUNPATH_SEARCH_PATHS = "$(inherited) @executable_path/Frameworks";
				PRODUCT_BUNDLE_IDENTIFIER = com.navroopbath.Calculator;
				PRODUCT_NAME = "$(TARGET_NAME)";
			};
			name = Release;
		};
/* End XCBuildConfiguration section */

/* Begin XCConfigurationList section */
		4CF0BA591CC74D5E006F6E96 /* Build configuration list for PBXProject "Calculator" */ = {
			isa = XCConfigurationList;
			buildConfigurations = (
				4CF0BA6E1CC74D5E006F6E96 /* Debug */,
				4CF0BA6F1CC74D5E006F6E96 /* Release */,
			);
			defaultConfigurationIsVisible = 0;
			defaultConfigurationName = Release;
		};
		4CF0BA701CC74D5E006F6E96 /* Build configuration list for PBXNativeTarget "Calculator" */ = {
			isa = XCConfigurationList;
			buildConfigurations = (
				4CF0BA711CC74D5E006F6E96 /* Debug */,
				4CF0BA721CC74D5E006F6E96 /* Release */,
			);
			defaultConfigurationIsVisible = 0;
			defaultConfigurationName = Release;
		};
/* End XCConfigurationList section */
	};
	rootObject = 4CF0BA561CC74D5E006F6E96 /* Project object */;
}
